// !$*UTF8*$!
{
	archiveVersion = 1;
	classes = {
	};
	objectVersion = 48;
	objects = {

/* Begin PBXBuildFile section */
		FCC1181D2005A8280024B44F /* AppDelegate.swift in Sources */ = {isa = PBXBuildFile; fileRef = FCC1181C2005A8280024B44F /* AppDelegate.swift */; };
		FCC1181F2005A8280024B44F /* ViewController.swift in Sources */ = {isa = PBXBuildFile; fileRef = FCC1181E2005A8280024B44F /* ViewController.swift */; };
		FCC118222005A8280024B44F /* Main.storyboard in Resources */ = {isa = PBXBuildFile; fileRef = FCC118202005A8280024B44F /* Main.storyboard */; };
		FCC118242005A8280024B44F /* Assets.xcassets in Resources */ = {isa = PBXBuildFile; fileRef = FCC118232005A8280024B44F /* Assets.xcassets */; };
		FCC118272005A8280024B44F /* LaunchScreen.storyboard in Resources */ = {isa = PBXBuildFile; fileRef = FCC118252005A8280024B44F /* LaunchScreen.storyboard */; };
		FCC118322005A8280024B44F /* CardAnimationTests.swift in Sources */ = {isa = PBXBuildFile; fileRef = FCC118312005A8280024B44F /* CardAnimationTests.swift */; };
		FCC1183D2005A8280024B44F /* CardAnimationUITests.swift in Sources */ = {isa = PBXBuildFile; fileRef = FCC1183C2005A8280024B44F /* CardAnimationUITests.swift */; };
/* End PBXBuildFile section */

/* Begin PBXContainerItemProxy section */
		FCC1182E2005A8280024B44F /* PBXContainerItemProxy */ = {
			isa = PBXContainerItemProxy;
			containerPortal = FCC118112005A8280024B44F /* Project object */;
			proxyType = 1;
			remoteGlobalIDString = FCC118182005A8280024B44F;
			remoteInfo = CardAnimation;
		};
		FCC118392005A8280024B44F /* PBXContainerItemProxy */ = {
			isa = PBXContainerItemProxy;
			containerPortal = FCC118112005A8280024B44F /* Project object */;
			proxyType = 1;
			remoteGlobalIDString = FCC118182005A8280024B44F;
			remoteInfo = CardAnimation;
		};
/* End PBXContainerItemProxy section */

/* Begin PBXFileReference section */
		FCC118192005A8280024B44F /* CardAnimation.app */ = {isa = PBXFileReference; explicitFileType = wrapper.application; includeInIndex = 0; path = CardAnimation.app; sourceTree = BUILT_PRODUCTS_DIR; };
		FCC1181C2005A8280024B44F /* AppDelegate.swift */ = {isa = PBXFileReference; lastKnownFileType = sourcecode.swift; path = AppDelegate.swift; sourceTree = "<group>"; };
		FCC1181E2005A8280024B44F /* ViewController.swift */ = {isa = PBXFileReference; lastKnownFileType = sourcecode.swift; path = ViewController.swift; sourceTree = "<group>"; };
		FCC118212005A8280024B44F /* Base */ = {isa = PBXFileReference; lastKnownFileType = file.storyboard; name = Base; path = Base.lproj/Main.storyboard; sourceTree = "<group>"; };
		FCC118232005A8280024B44F /* Assets.xcassets */ = {isa = PBXFileReference; lastKnownFileType = folder.assetcatalog; path = Assets.xcassets; sourceTree = "<group>"; };
		FCC118262005A8280024B44F /* Base */ = {isa = PBXFileReference; lastKnownFileType = file.storyboard; name = Base; path = Base.lproj/LaunchScreen.storyboard; sourceTree = "<group>"; };
		FCC118282005A8280024B44F /* Info.plist */ = {isa = PBXFileReference; lastKnownFileType = text.plist.xml; path = Info.plist; sourceTree = "<group>"; };
		FCC1182D2005A8280024B44F /* CardAnimationTests.xctest */ = {isa = PBXFileReference; explicitFileType = wrapper.cfbundle; includeInIndex = 0; path = CardAnimationTests.xctest; sourceTree = BUILT_PRODUCTS_DIR; };
		FCC118312005A8280024B44F /* CardAnimationTests.swift */ = {isa = PBXFileReference; lastKnownFileType = sourcecode.swift; path = CardAnimationTests.swift; sourceTree = "<group>"; };
		FCC118332005A8280024B44F /* Info.plist */ = {isa = PBXFileReference; lastKnownFileType = text.plist.xml; path = Info.plist; sourceTree = "<group>"; };
		FCC118382005A8280024B44F /* CardAnimationUITests.xctest */ = {isa = PBXFileReference; explicitFileType = wrapper.cfbundle; includeInIndex = 0; path = CardAnimationUITests.xctest; sourceTree = BUILT_PRODUCTS_DIR; };
		FCC1183C2005A8280024B44F /* CardAnimationUITests.swift */ = {isa = PBXFileReference; lastKnownFileType = sourcecode.swift; path = CardAnimationUITests.swift; sourceTree = "<group>"; };
		FCC1183E2005A8280024B44F /* Info.plist */ = {isa = PBXFileReference; lastKnownFileType = text.plist.xml; path = Info.plist; sourceTree = "<group>"; };
/* End PBXFileReference section */

/* Begin PBXFrameworksBuildPhase section */
		FCC118162005A8280024B44F /* Frameworks */ = {
			isa = PBXFrameworksBuildPhase;
			buildActionMask = 2147483647;
			files = (
			);
			runOnlyForDeploymentPostprocessing = 0;
		};
		FCC1182A2005A8280024B44F /* Frameworks */ = {
			isa = PBXFrameworksBuildPhase;
			buildActionMask = 2147483647;
			files = (
			);
			runOnlyForDeploymentPostprocessing = 0;
		};
		FCC118352005A8280024B44F /* Frameworks */ = {
			isa = PBXFrameworksBuildPhase;
			buildActionMask = 2147483647;
			files = (
			);
			runOnlyForDeploymentPostprocessing = 0;
		};
/* End PBXFrameworksBuildPhase section */

/* Begin PBXGroup section */
		FCC118102005A8280024B44F = {
			isa = PBXGroup;
			children = (
				FCC1181B2005A8280024B44F /* CardAnimation */,
				FCC118302005A8280024B44F /* CardAnimationTests */,
				FCC1183B2005A8280024B44F /* CardAnimationUITests */,
				FCC1181A2005A8280024B44F /* Products */,
			);
			sourceTree = "<group>";
		};
		FCC1181A2005A8280024B44F /* Products */ = {
			isa = PBXGroup;
			children = (
				FCC118192005A8280024B44F /* CardAnimation.app */,
				FCC1182D2005A8280024B44F /* CardAnimationTests.xctest */,
				FCC118382005A8280024B44F /* CardAnimationUITests.xctest */,
			);
			name = Products;
			sourceTree = "<group>";
		};
		FCC1181B2005A8280024B44F /* CardAnimation */ = {
			isa = PBXGroup;
			children = (
				FCC1181C2005A8280024B44F /* AppDelegate.swift */,
				FCC1181E2005A8280024B44F /* ViewController.swift */,
				FCC118202005A8280024B44F /* Main.storyboard */,
				FCC118232005A8280024B44F /* Assets.xcassets */,
				FCC118252005A8280024B44F /* LaunchScreen.storyboard */,
				FCC118282005A8280024B44F /* Info.plist */,
			);
			path = CardAnimation;
			sourceTree = "<group>";
		};
		FCC118302005A8280024B44F /* CardAnimationTests */ = {
			isa = PBXGroup;
			children = (
				FCC118312005A8280024B44F /* CardAnimationTests.swift */,
				FCC118332005A8280024B44F /* Info.plist */,
			);
			path = CardAnimationTests;
			sourceTree = "<group>";
		};
		FCC1183B2005A8280024B44F /* CardAnimationUITests */ = {
			isa = PBXGroup;
			children = (
				FCC1183C2005A8280024B44F /* CardAnimationUITests.swift */,
				FCC1183E2005A8280024B44F /* Info.plist */,
			);
			path = CardAnimationUITests;
			sourceTree = "<group>";
		};
/* End PBXGroup section */

/* Begin PBXNativeTarget section */
		FCC118182005A8280024B44F /* CardAnimation */ = {
			isa = PBXNativeTarget;
			buildConfigurationList = FCC118412005A8280024B44F /* Build configuration list for PBXNativeTarget "CardAnimation" */;
			buildPhases = (
				FCC118152005A8280024B44F /* Sources */,
				FCC118162005A8280024B44F /* Frameworks */,
				FCC118172005A8280024B44F /* Resources */,
			);
			buildRules = (
			);
			dependencies = (
			);
			name = CardAnimation;
			productName = CardAnimation;
			productReference = FCC118192005A8280024B44F /* CardAnimation.app */;
			productType = "com.apple.product-type.application";
		};
		FCC1182C2005A8280024B44F /* CardAnimationTests */ = {
			isa = PBXNativeTarget;
			buildConfigurationList = FCC118442005A8280024B44F /* Build configuration list for PBXNativeTarget "CardAnimationTests" */;
			buildPhases = (
				FCC118292005A8280024B44F /* Sources */,
				FCC1182A2005A8280024B44F /* Frameworks */,
				FCC1182B2005A8280024B44F /* Resources */,
			);
			buildRules = (
			);
			dependencies = (
				FCC1182F2005A8280024B44F /* PBXTargetDependency */,
			);
			name = CardAnimationTests;
			productName = CardAnimationTests;
			productReference = FCC1182D2005A8280024B44F /* CardAnimationTests.xctest */;
			productType = "com.apple.product-type.bundle.unit-test";
		};
		FCC118372005A8280024B44F /* CardAnimationUITests */ = {
			isa = PBXNativeTarget;
			buildConfigurationList = FCC118472005A8280024B44F /* Build configuration list for PBXNativeTarget "CardAnimationUITests" */;
			buildPhases = (
				FCC118342005A8280024B44F /* Sources */,
				FCC118352005A8280024B44F /* Frameworks */,
				FCC118362005A8280024B44F /* Resources */,
			);
			buildRules = (
			);
			dependencies = (
				FCC1183A2005A8280024B44F /* PBXTargetDependency */,
			);
			name = CardAnimationUITests;
			productName = CardAnimationUITests;
			productReference = FCC118382005A8280024B44F /* CardAnimationUITests.xctest */;
			productType = "com.apple.product-type.bundle.ui-testing";
		};
/* End PBXNativeTarget section */

/* Begin PBXProject section */
		FCC118112005A8280024B44F /* Project object */ = {
			isa = PBXProject;
			attributes = {
				LastSwiftUpdateCheck = 0920;
				LastUpgradeCheck = 0920;
				ORGANIZATIONNAME = Xindong;
				TargetAttributes = {
					FCC118182005A8280024B44F = {
						CreatedOnToolsVersion = 9.2;
						ProvisioningStyle = Automatic;
					};
					FCC1182C2005A8280024B44F = {
						CreatedOnToolsVersion = 9.2;
						ProvisioningStyle = Automatic;
						TestTargetID = FCC118182005A8280024B44F;
					};
					FCC118372005A8280024B44F = {
						CreatedOnToolsVersion = 9.2;
						ProvisioningStyle = Automatic;
						TestTargetID = FCC118182005A8280024B44F;
					};
				};
			};
			buildConfigurationList = FCC118142005A8280024B44F /* Build configuration list for PBXProject "CardAnimation" */;
			compatibilityVersion = "Xcode 8.0";
			developmentRegion = en;
			hasScannedForEncodings = 0;
			knownRegions = (
				en,
				Base,
			);
			mainGroup = FCC118102005A8280024B44F;
			productRefGroup = FCC1181A2005A8280024B44F /* Products */;
			projectDirPath = "";
			projectRoot = "";
			targets = (
				FCC118182005A8280024B44F /* CardAnimation */,
				FCC1182C2005A8280024B44F /* CardAnimationTests */,
				FCC118372005A8280024B44F /* CardAnimationUITests */,
			);
		};
/* End PBXProject section */

/* Begin PBXResourcesBuildPhase section */
		FCC118172005A8280024B44F /* Resources */ = {
			isa = PBXResourcesBuildPhase;
			buildActionMask = 2147483647;
			files = (
				FCC118272005A8280024B44F /* LaunchScreen.storyboard in Resources */,
				FCC118242005A8280024B44F /* Assets.xcassets in Resources */,
				FCC118222005A8280024B44F /* Main.storyboard in Resources */,
			);
			runOnlyForDeploymentPostprocessing = 0;
		};
		FCC1182B2005A8280024B44F /* Resources */ = {
			isa = PBXResourcesBuildPhase;
			buildActionMask = 2147483647;
			files = (
			);
			runOnlyForDeploymentPostprocessing = 0;
		};
		FCC118362005A8280024B44F /* Resources */ = {
			isa = PBXResourcesBuildPhase;
			buildActionMask = 2147483647;
			files = (
			);
			runOnlyForDeploymentPostprocessing = 0;
		};
/* End PBXResourcesBuildPhase section */

/* Begin PBXSourcesBuildPhase section */
		FCC118152005A8280024B44F /* Sources */ = {
			isa = PBXSourcesBuildPhase;
			buildActionMask = 2147483647;
			files = (
				FCC1181F2005A8280024B44F /* ViewController.swift in Sources */,
				FCC1181D2005A8280024B44F /* AppDelegate.swift in Sources */,
			);
			runOnlyForDeploymentPostprocessing = 0;
		};
		FCC118292005A8280024B44F /* Sources */ = {
			isa = PBXSourcesBuildPhase;
			buildActionMask = 2147483647;
			files = (
				FCC118322005A8280024B44F /* CardAnimationTests.swift in Sources */,
			);
			runOnlyForDeploymentPostprocessing = 0;
		};
		FCC118342005A8280024B44F /* Sources */ = {
			isa = PBXSourcesBuildPhase;
			buildActionMask = 2147483647;
			files = (
				FCC1183D2005A8280024B44F /* CardAnimationUITests.swift in Sources */,
			);
			runOnlyForDeploymentPostprocessing = 0;
		};
/* End PBXSourcesBuildPhase section */

/* Begin PBXTargetDependency section */
		FCC1182F2005A8280024B44F /* PBXTargetDependency */ = {
			isa = PBXTargetDependency;
			target = FCC118182005A8280024B44F /* CardAnimation */;
			targetProxy = FCC1182E2005A8280024B44F /* PBXContainerItemProxy */;
		};
		FCC1183A2005A8280024B44F /* PBXTargetDependency */ = {
			isa = PBXTargetDependency;
			target = FCC118182005A8280024B44F /* CardAnimation */;
			targetProxy = FCC118392005A8280024B44F /* PBXContainerItemProxy */;
		};
/* End PBXTargetDependency section */

/* Begin PBXVariantGroup section */
		FCC118202005A8280024B44F /* Main.storyboard */ = {
			isa = PBXVariantGroup;
			children = (
				FCC118212005A8280024B44F /* Base */,
			);
			name = Main.storyboard;
			sourceTree = "<group>";
		};
		FCC118252005A8280024B44F /* LaunchScreen.storyboard */ = {
			isa = PBXVariantGroup;
			children = (
				FCC118262005A8280024B44F /* Base */,
			);
			name = LaunchScreen.storyboard;
			sourceTree = "<group>";
		};
/* End PBXVariantGroup section */

/* Begin XCBuildConfiguration section */
		FCC1183F2005A8280024B44F /* Debug */ = {
			isa = XCBuildConfiguration;
			buildSettings = {
				ALWAYS_SEARCH_USER_PATHS = NO;
				CLANG_ANALYZER_NONNULL = YES;
				CLANG_ANALYZER_NUMBER_OBJECT_CONVERSION = YES_AGGRESSIVE;
				CLANG_CXX_LANGUAGE_STANDARD = "gnu++14";
				CLANG_CXX_LIBRARY = "libc++";
				CLANG_ENABLE_MODULES = YES;
				CLANG_ENABLE_OBJC_ARC = YES;
				CLANG_WARN_BLOCK_CAPTURE_AUTORELEASING = YES;
				CLANG_WARN_BOOL_CONVERSION = YES;
				CLANG_WARN_COMMA = YES;
				CLANG_WARN_CONSTANT_CONVERSION = YES;
				CLANG_WARN_DIRECT_OBJC_ISA_USAGE = YES_ERROR;
				CLANG_WARN_DOCUMENTATION_COMMENTS = YES;
				CLANG_WARN_EMPTY_BODY = YES;
				CLANG_WARN_ENUM_CONVERSION = YES;
				CLANG_WARN_INFINITE_RECURSION = YES;
				CLANG_WARN_INT_CONVERSION = YES;
				CLANG_WARN_NON_LITERAL_NULL_CONVERSION = YES;
				CLANG_WARN_OBJC_LITERAL_CONVERSION = YES;
				CLANG_WARN_OBJC_ROOT_CLASS = YES_ERROR;
				CLANG_WARN_RANGE_LOOP_ANALYSIS = YES;
				CLANG_WARN_STRICT_PROTOTYPES = YES;
				CLANG_WARN_SUSPICIOUS_MOVE = YES;
				CLANG_WARN_UNGUARDED_AVAILABILITY = YES_AGGRESSIVE;
				CLANG_WARN_UNREACHABLE_CODE = YES;
				CLANG_WARN__DUPLICATE_METHOD_MATCH = YES;
				CODE_SIGN_IDENTITY = "iPhone Developer";
				COPY_PHASE_STRIP = NO;
				DEBUG_INFORMATION_FORMAT = dwarf;
				ENABLE_STRICT_OBJC_MSGSEND = YES;
				ENABLE_TESTABILITY = YES;
				GCC_C_LANGUAGE_STANDARD = gnu11;
				GCC_DYNAMIC_NO_PIC = NO;
				GCC_NO_COMMON_BLOCKS = YES;
				GCC_OPTIMIZATION_LEVEL = 0;
				GCC_PREPROCESSOR_DEFINITIONS = (
					"DEBUG=1",
					"$(inherited)",
				);
				GCC_WARN_64_TO_32_BIT_CONVERSION = YES;
				GCC_WARN_ABOUT_RETURN_TYPE = YES_ERROR;
				GCC_WARN_UNDECLARED_SELECTOR = YES;
				GCC_WARN_UNINITIALIZED_AUTOS = YES_AGGRESSIVE;
				GCC_WARN_UNUSED_FUNCTION = YES;
				GCC_WARN_UNUSED_VARIABLE = YES;
				IPHONEOS_DEPLOYMENT_TARGET = 11.2;
				MTL_ENABLE_DEBUG_INFO = YES;
				ONLY_ACTIVE_ARCH = YES;
				SDKROOT = iphoneos;
				SWIFT_ACTIVE_COMPILATION_CONDITIONS = DEBUG;
				SWIFT_OPTIMIZATION_LEVEL = "-Onone";
			};
			name = Debug;
		};
		FCC118402005A8280024B44F /* Release */ = {
			isa = XCBuildConfiguration;
			buildSettings = {
				ALWAYS_SEARCH_USER_PATHS = NO;
				CLANG_ANALYZER_NONNULL = YES;
				CLANG_ANALYZER_NUMBER_OBJECT_CONVERSION = YES_AGGRESSIVE;
				CLANG_CXX_LANGUAGE_STANDARD = "gnu++14";
				CLANG_CXX_LIBRARY = "libc++";
				CLANG_ENABLE_MODULES = YES;
				CLANG_ENABLE_OBJC_ARC = YES;
				CLANG_WARN_BLOCK_CAPTURE_AUTORELEASING = YES;
				CLANG_WARN_BOOL_CONVERSION = YES;
				CLANG_WARN_COMMA = YES;
				CLANG_WARN_CONSTANT_CONVERSION = YES;
				CLANG_WARN_DIRECT_OBJC_ISA_USAGE = YES_ERROR;
				CLANG_WARN_DOCUMENTATION_COMMENTS = YES;
				CLANG_WARN_EMPTY_BODY = YES;
				CLANG_WARN_ENUM_CONVERSION = YES;
				CLANG_WARN_INFINITE_RECURSION = YES;
				CLANG_WARN_INT_CONVERSION = YES;
				CLANG_WARN_NON_LITERAL_NULL_CONVERSION = YES;
				CLANG_WARN_OBJC_LITERAL_CONVERSION = YES;
				CLANG_WARN_OBJC_ROOT_CLASS = YES_ERROR;
				CLANG_WARN_RANGE_LOOP_ANALYSIS = YES;
				CLANG_WARN_STRICT_PROTOTYPES = YES;
				CLANG_WARN_SUSPICIOUS_MOVE = YES;
				CLANG_WARN_UNGUARDED_AVAILABILITY = YES_AGGRESSIVE;
				CLANG_WARN_UNREACHABLE_CODE = YES;
				CLANG_WARN__DUPLICATE_METHOD_MATCH = YES;
				CODE_SIGN_IDENTITY = "iPhone Developer";
				COPY_PHASE_STRIP = NO;
				DEBUG_INFORMATION_FORMAT = "dwarf-with-dsym";
				ENABLE_NS_ASSERTIONS = NO;
				ENABLE_STRICT_OBJC_MSGSEND = YES;
				GCC_C_LANGUAGE_STANDARD = gnu11;
				GCC_NO_COMMON_BLOCKS = YES;
				GCC_WARN_64_TO_32_BIT_CONVERSION = YES;
				GCC_WARN_ABOUT_RETURN_TYPE = YES_ERROR;
				GCC_WARN_UNDECLARED_SELECTOR = YES;
				GCC_WARN_UNINITIALIZED_AUTOS = YES_AGGRESSIVE;
				GCC_WARN_UNUSED_FUNCTION = YES;
				GCC_WARN_UNUSED_VARIABLE = YES;
				IPHONEOS_DEPLOYMENT_TARGET = 11.2;
				MTL_ENABLE_DEBUG_INFO = NO;
				SDKROOT = iphoneos;
				SWIFT_OPTIMIZATION_LEVEL = "-Owholemodule";
				VALIDATE_PRODUCT = YES;
			};
			name = Release;
		};
		FCC118422005A8280024B44F /* Debug */ = {
			isa = XCBuildConfiguration;
			buildSettings = {
				ASSETCATALOG_COMPILER_APPICON_NAME = AppIcon;
				CODE_SIGN_STYLE = Automatic;
				INFOPLIST_FILE = CardAnimation/Info.plist;
				LD_RUNPATH_SEARCH_PATHS = "$(inherited) @executable_path/Frameworks";
				PRODUCT_BUNDLE_IDENTIFIER = com.xindong.CardAnimation;
				PRODUCT_NAME = "$(TARGET_NAME)";
				SWIFT_VERSION = 4.0;
				TARGETED_DEVICE_FAMILY = "1,2";
			};
			name = Debug;
		};
		FCC118432005A8280024B44F /* Release */ = {
			isa = XCBuildConfiguration;
			buildSettings = {
				ASSETCATALOG_COMPILER_APPICON_NAME = AppIcon;
				CODE_SIGN_STYLE = Automatic;
				INFOPLIST_FILE = CardAnimation/Info.plist;
				LD_RUNPATH_SEARCH_PATHS = "$(inherited) @executable_path/Frameworks";
				PRODUCT_BUNDLE_IDENTIFIER = com.xindong.CardAnimation;
				PRODUCT_NAME = "$(TARGET_NAME)";
				SWIFT_VERSION = 4.0;
				TARGETED_DEVICE_FAMILY = "1,2";
			};
			name = Release;
		};
		FCC118452005A8280024B44F /* Debug */ = {
			isa = XCBuildConfiguration;
			buildSettings = {
				ALWAYS_EMBED_SWIFT_STANDARD_LIBRARIES = YES;
				BUNDLE_LOADER = "$(TEST_HOST)";
				CODE_SIGN_STYLE = Automatic;
				INFOPLIST_FILE = CardAnimationTests/Info.plist;
				LD_RUNPATH_SEARCH_PATHS = "$(inherited) @executable_path/Frameworks @loader_path/Frameworks";
				PRODUCT_BUNDLE_IDENTIFIER = com.xindong.CardAnimationTests;
				PRODUCT_NAME = "$(TARGET_NAME)";
				SWIFT_VERSION = 4.0;
				TARGETED_DEVICE_FAMILY = "1,2";
				TEST_HOST = "$(BUILT_PRODUCTS_DIR)/CardAnimation.app/CardAnimation";
			};
			name = Debug;
		};
		FCC118462005A8280024B44F /* Release */ = {
			isa = XCBuildConfiguration;
			buildSettings = {
				ALWAYS_EMBED_SWIFT_STANDARD_LIBRARIES = YES;
				BUNDLE_LOADER = "$(TEST_HOST)";
				CODE_SIGN_STYLE = Automatic;
				INFOPLIST_FILE = CardAnimationTests/Info.plist;
				LD_RUNPATH_SEARCH_PATHS = "$(inherited) @executable_path/Frameworks @loader_path/Frameworks";
				PRODUCT_BUNDLE_IDENTIFIER = com.xindong.CardAnimationTests;
				PRODUCT_NAME = "$(TARGET_NAME)";
				SWIFT_VERSION = 4.0;
				TARGETED_DEVICE_FAMILY = "1,2";
				TEST_HOST = "$(BUILT_PRODUCTS_DIR)/CardAnimation.app/CardAnimation";
			};
			name = Release;
		};
		FCC118482005A8280024B44F /* Debug */ = {
			isa = XCBuildConfiguration;
			buildSettings = {
				ALWAYS_EMBED_SWIFT_STANDARD_LIBRARIES = YES;
				CODE_SIGN_STYLE = Automatic;
				INFOPLIST_FILE = CardAnimationUITests/Info.plist;
				LD_RUNPATH_SEARCH_PATHS = "$(inherited) @executable_path/Frameworks @loader_path/Frameworks";
				PRODUCT_BUNDLE_IDENTIFIER = com.xindong.CardAnimationUITests;
				PRODUCT_NAME = "$(TARGET_NAME)";
				SWIFT_VERSION = 4.0;
				TARGETED_DEVICE_FAMILY = "1,2";
				TEST_TARGET_NAME = CardAnimation;
			};
			name = Debug;
		};
		FCC118492005A8280024B44F /* Release */ = {
			isa = XCBuildConfiguration;
			buildSettings = {
				ALWAYS_EMBED_SWIFT_STANDARD_LIBRARIES = YES;
				CODE_SIGN_STYLE = Automatic;
				INFOPLIST_FILE = CardAnimationUITests/Info.plist;
				LD_RUNPATH_SEARCH_PATHS = "$(inherited) @executable_path/Frameworks @loader_path/Frameworks";
				PRODUCT_BUNDLE_IDENTIFIER = com.xindong.CardAnimationUITests;
				PRODUCT_NAME = "$(TARGET_NAME)";
				SWIFT_VERSION = 4.0;
				TARGETED_DEVICE_FAMILY = "1,2";
				TEST_TARGET_NAME = CardAnimation;
			};
			name = Release;
		};
/* End XCBuildConfiguration section */

/* Begin XCConfigurationList section */
		FCC118142005A8280024B44F /* Build configuration list for PBXProject "CardAnimation" */ = {
			isa = XCConfigurationList;
			buildConfigurations = (
				FCC1183F2005A8280024B44F /* Debug */,
				FCC118402005A8280024B44F /* Release */,
			);
			defaultConfigurationIsVisible = 0;
			defaultConfigurationName = Release;
		};
		FCC118412005A8280024B44F /* Build configuration list for PBXNativeTarget "CardAnimation" */ = {
			isa = XCConfigurationList;
			buildConfigurations = (
				FCC118422005A8280024B44F /* Debug */,
				FCC118432005A8280024B44F /* Release */,
			);
			defaultConfigurationIsVisible = 0;
			defaultConfigurationName = Release;
		};
		FCC118442005A8280024B44F /* Build configuration list for PBXNativeTarget "CardAnimationTests" */ = {
			isa = XCConfigurationList;
			buildConfigurations = (
				FCC118452005A8280024B44F /* Debug */,
				FCC118462005A8280024B44F /* Release */,
			);
			defaultConfigurationIsVisible = 0;
			defaultConfigurationName = Release;
		};
		FCC118472005A8280024B44F /* Build configuration list for PBXNativeTarget "CardAnimationUITests" */ = {
			isa = XCConfigurationList;
			buildConfigurations = (
				FCC118482005A8280024B44F /* Debug */,
				FCC118492005A8280024B44F /* Release */,
			);
			defaultConfigurationIsVisible = 0;
			defaultConfigurationName = Release;
		};
/* End XCConfigurationList section */
	};
	rootObject = FCC118112005A8280024B44F /* Project object */;
}
